
Microsoft Visual Studio Solution File, Format Version 12.00
# Visual Studio 15
VisualStudioVersion = 15.0.27428.2027
MinimumVisualStudioVersion = 10.0.40219.1
Project("{FAE04EC0-301F-11D3-BF4B-00C04F79EFBC}") = "VendingMachine", "VendingMachine\VendingMachine.csproj", "{6FF58149-D184-472C-ABC1-23A630F33870}"
EndProject
Project("{FAE04EC0-301F-11D3-BF4B-00C04F79EFBC}") = "VendingApi", "VendingApi\VendingApi.csproj", "{20E2E414-A3E3-4CE1-B7E9-10213E1F8091}"
EndProject
Project("{FAE04EC0-301F-11D3-BF4B-00C04F79EFBC}") = "VendingMachingWindows", "VendingMachingWindows\VendingMachingWindows.csproj", "{EC04BDEC-49C5-4080-9F02-12314739CED3}"
EndProject
Global
	GlobalSection(SolutionConfigurationPlatforms) = preSolution
		Debug|Any CPU = Debug|Any CPU
		Release|Any CPU = Release|Any CPU
	EndGlobalSection
	GlobalSection(ProjectConfigurationPlatforms) = postSolution
		{6FF58149-D184-472C-ABC1-23A630F33870}.Debug|Any CPU.ActiveCfg = Debug|Any CPU
		{6FF58149-D184-472C-ABC1-23A630F33870}.Debug|Any CPU.Build.0 = Debug|Any CPU
		{6FF58149-D184-472C-ABC1-23A630F33870}.Release|Any CPU.ActiveCfg = Release|Any CPU
		{6FF58149-D184-472C-ABC1-23A630F33870}.Release|Any CPU.Build.0 = Release|Any CPU
		{20E2E414-A3E3-4CE1-B7E9-10213E1F8091}.Debug|Any CPU.ActiveCfg = Debug|Any CPU
		{20E2E414-A3E3-4CE1-B7E9-10213E1F8091}.Debug|Any CPU.Build.0 = Debug|Any CPU
		{20E2E414-A3E3-4CE1-B7E9-10213E1F8091}.Release|Any CPU.ActiveCfg = Release|Any CPU
		{20E2E414-A3E3-4CE1-B7E9-10213E1F8091}.Release|Any CPU.Build.0 = Release|Any CPU
		{EC04BDEC-49C5-4080-9F02-12314739CED3}.Debug|Any CPU.ActiveCfg = Debug|Any CPU
		{EC04BDEC-49C5-4080-9F02-12314739CED3}.Debug|Any CPU.Build.0 = Debug|Any CPU
		{EC04BDEC-49C5-4080-9F02-12314739CED3}.Release|Any CPU.ActiveCfg = Release|Any CPU
		{EC04BDEC-49C5-4080-9F02-12314739CED3}.Release|Any CPU.Build.0 = Release|Any CPU
	EndGlobalSection
	GlobalSection(SolutionProperties) = preSolution
		HideSolutionNode = FALSE
	EndGlobalSection
	GlobalSection(ExtensibilityGlobals) = postSolution
		SolutionGuid = {152070B9-F875-4D18-9900-0FE57C340D30}
	EndGlobalSection
EndGlobal
